
Microsoft Visual Studio Solution File, Format Version 12.00
# Visual Studio Version 16
VisualStudioVersion = 16.0.30309.148
MinimumVisualStudioVersion = 10.0.40219.1
Project("{FAE04EC0-301F-11D3-BF4B-00C04F79EFBC}") = "SettleChat", "SettleChat\SettleChat.csproj", "{C3CE8854-DEA8-470D-945A-98DEF5B50B61}"
EndProject
Global
	GlobalSection(SolutionConfigurationPlatforms) = preSolution
		Debug|Any CPU = Debug|Any CPU
		Release|Any CPU = Release|Any CPU
	EndGlobalSection
	GlobalSection(ProjectConfigurationPlatforms) = postSolution
		{C3CE8854-DEA8-470D-945A-98DEF5B50B61}.Debug|Any CPU.ActiveCfg = Debug|Any CPU
		{C3CE8854-DEA8-470D-945A-98DEF5B50B61}.Debug|Any CPU.Build.0 = Debug|Any CPU
		{C3CE8854-DEA8-470D-945A-98DEF5B50B61}.Release|Any CPU.ActiveCfg = Release|Any CPU
		{C3CE8854-DEA8-470D-945A-98DEF5B50B61}.Release|Any CPU.Build.0 = Release|Any CPU
	EndGlobalSection
	GlobalSection(SolutionProperties) = preSolution
		HideSolutionNode = FALSE
	EndGlobalSection
	GlobalSection(ExtensibilityGlobals) = postSolution
		SolutionGuid = {C69C3135-512D-4BFC-A926-634DE9B157FA}
	EndGlobalSection
EndGlobal
